// !$*UTF8*$!
{
	archiveVersion = 1;
	classes = {
	};
	objectVersion = 50;
	objects = {

/* Begin PBXBuildFile section */
		3CFAD2F07980E145A42AFE28 /* Pods_CoursesApp.framework in Frameworks */ = {isa = PBXBuildFile; fileRef = B3DB216BD88DC824EED28CC1 /* Pods_CoursesApp.framework */; };
		FF1AAB7A212597E60092AD90 /* News.swift in Sources */ = {isa = PBXBuildFile; fileRef = FF1AAB79212597E60092AD90 /* News.swift */; };
		FF1AAB7C21259C820092AD90 /* NewsList.swift in Sources */ = {isa = PBXBuildFile; fileRef = FF1AAB7B21259C820092AD90 /* NewsList.swift */; };
		FF1AAB7E21259F5E0092AD90 /* NewsCell.swift in Sources */ = {isa = PBXBuildFile; fileRef = FF1AAB7D21259F5E0092AD90 /* NewsCell.swift */; };
		FF1AAB80212709E40092AD90 /* NewsDetails.swift in Sources */ = {isa = PBXBuildFile; fileRef = FF1AAB7F212709E40092AD90 /* NewsDetails.swift */; };
		FF1AAB82212767870092AD90 /* LoginViewController.swift in Sources */ = {isa = PBXBuildFile; fileRef = FF1AAB81212767870092AD90 /* LoginViewController.swift */; };
		FFFAAEFF2119D7BC00FE6E75 /* AppDelegate.swift in Sources */ = {isa = PBXBuildFile; fileRef = FFFAAEFE2119D7BC00FE6E75 /* AppDelegate.swift */; };
		FFFAAF012119D7BC00FE6E75 /* ViewController.swift in Sources */ = {isa = PBXBuildFile; fileRef = FFFAAF002119D7BC00FE6E75 /* ViewController.swift */; };
		FFFAAF042119D7BC00FE6E75 /* Main.storyboard in Resources */ = {isa = PBXBuildFile; fileRef = FFFAAF022119D7BC00FE6E75 /* Main.storyboard */; };
		FFFAAF062119D7BD00FE6E75 /* Assets.xcassets in Resources */ = {isa = PBXBuildFile; fileRef = FFFAAF052119D7BD00FE6E75 /* Assets.xcassets */; };
		FFFAAF092119D7BD00FE6E75 /* LaunchScreen.storyboard in Resources */ = {isa = PBXBuildFile; fileRef = FFFAAF072119D7BD00FE6E75 /* LaunchScreen.storyboard */; };
		FFFAAF122119D9E400FE6E75 /* HTTPRequest.swift in Sources */ = {isa = PBXBuildFile; fileRef = FFFAAF112119D9E400FE6E75 /* HTTPRequest.swift */; };
		FFFAAF142119DA4F00FE6E75 /* HTTPStatusCode.swift in Sources */ = {isa = PBXBuildFile; fileRef = FFFAAF132119DA4F00FE6E75 /* HTTPStatusCode.swift */; };
		FFFAAF162119DAAE00FE6E75 /* ServerManager.swift in Sources */ = {isa = PBXBuildFile; fileRef = FFFAAF152119DAAE00FE6E75 /* ServerManager.swift */; };
		FFFAAF192119DBB300FE6E75 /* Constants.swift in Sources */ = {isa = PBXBuildFile; fileRef = FFFAAF182119DBB300FE6E75 /* Constants.swift */; };
		FFFAAF1C2119DD6800FE6E75 /* Categories.swift in Sources */ = {isa = PBXBuildFile; fileRef = FFFAAF1B2119DD6800FE6E75 /* Categories.swift */; };
		FFFAAF202119E05600FE6E75 /* Extensions.swift in Sources */ = {isa = PBXBuildFile; fileRef = FFFAAF1F2119E05600FE6E75 /* Extensions.swift */; };
		FFFAAF222119E23900FE6E75 /* Subcategories.swift in Sources */ = {isa = PBXBuildFile; fileRef = FFFAAF212119E23900FE6E75 /* Subcategories.swift */; };
		FFFAAF24211ACADC00FE6E75 /* Courses.swift in Sources */ = {isa = PBXBuildFile; fileRef = FFFAAF23211ACADC00FE6E75 /* Courses.swift */; };
		FFFAAF2B211B4B6500FE6E75 /* CategoryCellVC.swift in Sources */ = {isa = PBXBuildFile; fileRef = FFFAAF2A211B4B6500FE6E75 /* CategoryCellVC.swift */; };
		FFFAAF2D211B96EA00FE6E75 /* SubcategoriesVC.swift in Sources */ = {isa = PBXBuildFile; fileRef = FFFAAF2C211B96EA00FE6E75 /* SubcategoriesVC.swift */; };
		FFFAAF2F211B9B4300FE6E75 /* SubcategoriesCell.swift in Sources */ = {isa = PBXBuildFile; fileRef = FFFAAF2E211B9B4300FE6E75 /* SubcategoriesCell.swift */; };
		FFFAAF31211C55D500FE6E75 /* CoursesVC.swift in Sources */ = {isa = PBXBuildFile; fileRef = FFFAAF30211C55D500FE6E75 /* CoursesVC.swift */; };
		FFFAAF33211C560900FE6E75 /* CoursesTableViewCell.swift in Sources */ = {isa = PBXBuildFile; fileRef = FFFAAF32211C560900FE6E75 /* CoursesTableViewCell.swift */; };
		FFFAAF35211C85A700FE6E75 /* CoursesUpperCell.swift in Sources */ = {isa = PBXBuildFile; fileRef = FFFAAF34211C85A700FE6E75 /* CoursesUpperCell.swift */; };
		FFFAAF3A211C8D8000FE6E75 /* DetailedCourse.swift in Sources */ = {isa = PBXBuildFile; fileRef = FFFAAF39211C8D8000FE6E75 /* DetailedCourse.swift */; };
		FFFAAF3C211DF95300FE6E75 /* DetailedCourseVC.swift in Sources */ = {isa = PBXBuildFile; fileRef = FFFAAF3B211DF95300FE6E75 /* DetailedCourseVC.swift */; };
		FFFAAF3E211E336F00FE6E75 /* DetailedUpperCell.swift in Sources */ = {isa = PBXBuildFile; fileRef = FFFAAF3D211E336F00FE6E75 /* DetailedUpperCell.swift */; };
		FFFAAF42211E9C8600FE6E75 /* CourseContactCell.swift in Sources */ = {isa = PBXBuildFile; fileRef = FFFAAF41211E9C8600FE6E75 /* CourseContactCell.swift */; };
		FFFAAF44211EAA5000FE6E75 /* CourseTypeDelegate.swift in Sources */ = {isa = PBXBuildFile; fileRef = FFFAAF43211EAA5000FE6E75 /* CourseTypeDelegate.swift */; };
		FFFAAF46211EAAE900FE6E75 /* CourseInfoType.swift in Sources */ = {isa = PBXBuildFile; fileRef = FFFAAF45211EAAE900FE6E75 /* CourseInfoType.swift */; };
		FFFAAF48211EAE7800FE6E75 /* CourseAddressCell.swift in Sources */ = {isa = PBXBuildFile; fileRef = FFFAAF47211EAE7800FE6E75 /* CourseAddressCell.swift */; };
		FFFAAF4A211EB36C00FE6E75 /* CourseInfoCell.swift in Sources */ = {isa = PBXBuildFile; fileRef = FFFAAF49211EB36C00FE6E75 /* CourseInfoCell.swift */; };
		FFFAAF4C211EB79E00FE6E75 /* CourseServicesCell.swift in Sources */ = {isa = PBXBuildFile; fileRef = FFFAAF4B211EB79E00FE6E75 /* CourseServicesCell.swift */; };
		FFFAAF4E2120B30C00FE6E75 /* CourseActionsCell.swift in Sources */ = {isa = PBXBuildFile; fileRef = FFFAAF4D2120B30C00FE6E75 /* CourseActionsCell.swift */; };
		FFFAAF522123152000FE6E75 /* HomeViewController.swift in Sources */ = {isa = PBXBuildFile; fileRef = FFFAAF512123151F00FE6E75 /* HomeViewController.swift */; };
		FFFAAF54212315A100FE6E75 /* HomeCell.swift in Sources */ = {isa = PBXBuildFile; fileRef = FFFAAF53212315A100FE6E75 /* HomeCell.swift */; };
		FFFAAF562123173200FE6E75 /* AllCoursesPaginated.swift in Sources */ = {isa = PBXBuildFile; fileRef = FFFAAF552123173200FE6E75 /* AllCoursesPaginated.swift */; };
		FFFAAF58212573AB00FE6E75 /* DetailedCourseHome.swift in Sources */ = {isa = PBXBuildFile; fileRef = FFFAAF57212573AB00FE6E75 /* DetailedCourseHome.swift */; };
/* End PBXBuildFile section */

/* Begin PBXFileReference section */
		40C4E5E6044ACE4CCC8CDB31 /* Pods-CoursesApp.debug.xcconfig */ = {isa = PBXFileReference; includeInIndex = 1; lastKnownFileType = text.xcconfig; name = "Pods-CoursesApp.debug.xcconfig"; path = "Pods/Target Support Files/Pods-CoursesApp/Pods-CoursesApp.debug.xcconfig"; sourceTree = "<group>"; };
		86ABA19645789A4F0BB8FDC1 /* Pods-CoursesApp.release.xcconfig */ = {isa = PBXFileReference; includeInIndex = 1; lastKnownFileType = text.xcconfig; name = "Pods-CoursesApp.release.xcconfig"; path = "Pods/Target Support Files/Pods-CoursesApp/Pods-CoursesApp.release.xcconfig"; sourceTree = "<group>"; };
		B3DB216BD88DC824EED28CC1 /* Pods_CoursesApp.framework */ = {isa = PBXFileReference; explicitFileType = wrapper.framework; includeInIndex = 0; path = Pods_CoursesApp.framework; sourceTree = BUILT_PRODUCTS_DIR; };
		FF1AAB79212597E60092AD90 /* News.swift */ = {isa = PBXFileReference; lastKnownFileType = sourcecode.swift; path = News.swift; sourceTree = "<group>"; };
		FF1AAB7B21259C820092AD90 /* NewsList.swift */ = {isa = PBXFileReference; lastKnownFileType = sourcecode.swift; path = NewsList.swift; sourceTree = "<group>"; };
		FF1AAB7D21259F5E0092AD90 /* NewsCell.swift */ = {isa = PBXFileReference; lastKnownFileType = sourcecode.swift; path = NewsCell.swift; sourceTree = "<group>"; };
		FF1AAB7F212709E40092AD90 /* NewsDetails.swift */ = {isa = PBXFileReference; lastKnownFileType = sourcecode.swift; path = NewsDetails.swift; sourceTree = "<group>"; };
		FF1AAB81212767870092AD90 /* LoginViewController.swift */ = {isa = PBXFileReference; lastKnownFileType = sourcecode.swift; path = LoginViewController.swift; sourceTree = "<group>"; };
		FFFAAEFB2119D7BC00FE6E75 /* CoursesApp.app */ = {isa = PBXFileReference; explicitFileType = wrapper.application; includeInIndex = 0; path = CoursesApp.app; sourceTree = BUILT_PRODUCTS_DIR; };
		FFFAAEFE2119D7BC00FE6E75 /* AppDelegate.swift */ = {isa = PBXFileReference; lastKnownFileType = sourcecode.swift; path = AppDelegate.swift; sourceTree = "<group>"; };
		FFFAAF002119D7BC00FE6E75 /* ViewController.swift */ = {isa = PBXFileReference; lastKnownFileType = sourcecode.swift; path = ViewController.swift; sourceTree = "<group>"; };
		FFFAAF032119D7BC00FE6E75 /* Base */ = {isa = PBXFileReference; lastKnownFileType = file.storyboard; name = Base; path = Base.lproj/Main.storyboard; sourceTree = "<group>"; };
		FFFAAF052119D7BD00FE6E75 /* Assets.xcassets */ = {isa = PBXFileReference; lastKnownFileType = folder.assetcatalog; path = Assets.xcassets; sourceTree = "<group>"; };
		FFFAAF082119D7BD00FE6E75 /* Base */ = {isa = PBXFileReference; lastKnownFileType = file.storyboard; name = Base; path = Base.lproj/LaunchScreen.storyboard; sourceTree = "<group>"; };
		FFFAAF0A2119D7BD00FE6E75 /* Info.plist */ = {isa = PBXFileReference; lastKnownFileType = text.plist.xml; path = Info.plist; sourceTree = "<group>"; };
		FFFAAF112119D9E400FE6E75 /* HTTPRequest.swift */ = {isa = PBXFileReference; lastKnownFileType = sourcecode.swift; path = HTTPRequest.swift; sourceTree = "<group>"; };
		FFFAAF132119DA4F00FE6E75 /* HTTPStatusCode.swift */ = {isa = PBXFileReference; lastKnownFileType = sourcecode.swift; path = HTTPStatusCode.swift; sourceTree = "<group>"; };
		FFFAAF152119DAAE00FE6E75 /* ServerManager.swift */ = {isa = PBXFileReference; lastKnownFileType = sourcecode.swift; path = ServerManager.swift; sourceTree = "<group>"; };
		FFFAAF182119DBB300FE6E75 /* Constants.swift */ = {isa = PBXFileReference; lastKnownFileType = sourcecode.swift; path = Constants.swift; sourceTree = "<group>"; };
		FFFAAF1B2119DD6800FE6E75 /* Categories.swift */ = {isa = PBXFileReference; lastKnownFileType = sourcecode.swift; path = Categories.swift; sourceTree = "<group>"; };
		FFFAAF1F2119E05600FE6E75 /* Extensions.swift */ = {isa = PBXFileReference; lastKnownFileType = sourcecode.swift; path = Extensions.swift; sourceTree = "<group>"; };
		FFFAAF212119E23900FE6E75 /* Subcategories.swift */ = {isa = PBXFileReference; lastKnownFileType = sourcecode.swift; path = Subcategories.swift; sourceTree = "<group>"; };
		FFFAAF23211ACADC00FE6E75 /* Courses.swift */ = {isa = PBXFileReference; lastKnownFileType = sourcecode.swift; path = Courses.swift; sourceTree = "<group>"; };
		FFFAAF2A211B4B6500FE6E75 /* CategoryCellVC.swift */ = {isa = PBXFileReference; lastKnownFileType = sourcecode.swift; path = CategoryCellVC.swift; sourceTree = "<group>"; };
		FFFAAF2C211B96EA00FE6E75 /* SubcategoriesVC.swift */ = {isa = PBXFileReference; lastKnownFileType = sourcecode.swift; path = SubcategoriesVC.swift; sourceTree = "<group>"; };
		FFFAAF2E211B9B4300FE6E75 /* SubcategoriesCell.swift */ = {isa = PBXFileReference; lastKnownFileType = sourcecode.swift; path = SubcategoriesCell.swift; sourceTree = "<group>"; };
		FFFAAF30211C55D500FE6E75 /* CoursesVC.swift */ = {isa = PBXFileReference; lastKnownFileType = sourcecode.swift; path = CoursesVC.swift; sourceTree = "<group>"; };
		FFFAAF32211C560900FE6E75 /* CoursesTableViewCell.swift */ = {isa = PBXFileReference; lastKnownFileType = sourcecode.swift; path = CoursesTableViewCell.swift; sourceTree = "<group>"; };
		FFFAAF34211C85A700FE6E75 /* CoursesUpperCell.swift */ = {isa = PBXFileReference; lastKnownFileType = sourcecode.swift; path = CoursesUpperCell.swift; sourceTree = "<group>"; };
		FFFAAF39211C8D8000FE6E75 /* DetailedCourse.swift */ = {isa = PBXFileReference; lastKnownFileType = sourcecode.swift; path = DetailedCourse.swift; sourceTree = "<group>"; };
		FFFAAF3B211DF95300FE6E75 /* DetailedCourseVC.swift */ = {isa = PBXFileReference; lastKnownFileType = sourcecode.swift; path = DetailedCourseVC.swift; sourceTree = "<group>"; };
		FFFAAF3D211E336F00FE6E75 /* DetailedUpperCell.swift */ = {isa = PBXFileReference; lastKnownFileType = sourcecode.swift; path = DetailedUpperCell.swift; sourceTree = "<group>"; };
		FFFAAF41211E9C8600FE6E75 /* CourseContactCell.swift */ = {isa = PBXFileReference; lastKnownFileType = sourcecode.swift; path = CourseContactCell.swift; sourceTree = "<group>"; };
		FFFAAF43211EAA5000FE6E75 /* CourseTypeDelegate.swift */ = {isa = PBXFileReference; lastKnownFileType = sourcecode.swift; path = CourseTypeDelegate.swift; sourceTree = "<group>"; };
		FFFAAF45211EAAE900FE6E75 /* CourseInfoType.swift */ = {isa = PBXFileReference; lastKnownFileType = sourcecode.swift; path = CourseInfoType.swift; sourceTree = "<group>"; };
		FFFAAF47211EAE7800FE6E75 /* CourseAddressCell.swift */ = {isa = PBXFileReference; lastKnownFileType = sourcecode.swift; path = CourseAddressCell.swift; sourceTree = "<group>"; };
		FFFAAF49211EB36C00FE6E75 /* CourseInfoCell.swift */ = {isa = PBXFileReference; lastKnownFileType = sourcecode.swift; path = CourseInfoCell.swift; sourceTree = "<group>"; };
		FFFAAF4B211EB79E00FE6E75 /* CourseServicesCell.swift */ = {isa = PBXFileReference; lastKnownFileType = sourcecode.swift; path = CourseServicesCell.swift; sourceTree = "<group>"; };
		FFFAAF4D2120B30C00FE6E75 /* CourseActionsCell.swift */ = {isa = PBXFileReference; lastKnownFileType = sourcecode.swift; path = CourseActionsCell.swift; sourceTree = "<group>"; };
		FFFAAF512123151F00FE6E75 /* HomeViewController.swift */ = {isa = PBXFileReference; lastKnownFileType = sourcecode.swift; path = HomeViewController.swift; sourceTree = "<group>"; };
		FFFAAF53212315A100FE6E75 /* HomeCell.swift */ = {isa = PBXFileReference; lastKnownFileType = sourcecode.swift; path = HomeCell.swift; sourceTree = "<group>"; };
		FFFAAF552123173200FE6E75 /* AllCoursesPaginated.swift */ = {isa = PBXFileReference; lastKnownFileType = sourcecode.swift; path = AllCoursesPaginated.swift; sourceTree = "<group>"; };
		FFFAAF57212573AB00FE6E75 /* DetailedCourseHome.swift */ = {isa = PBXFileReference; lastKnownFileType = sourcecode.swift; path = DetailedCourseHome.swift; sourceTree = "<group>"; };
/* End PBXFileReference section */

/* Begin PBXFrameworksBuildPhase section */
		FFFAAEF82119D7BC00FE6E75 /* Frameworks */ = {
			isa = PBXFrameworksBuildPhase;
			buildActionMask = 2147483647;
			files = (
				3CFAD2F07980E145A42AFE28 /* Pods_CoursesApp.framework in Frameworks */,
			);
			runOnlyForDeploymentPostprocessing = 0;
		};
/* End PBXFrameworksBuildPhase section */

/* Begin PBXGroup section */
		03870FC9A843B3F9FFAABE1C /* Pods */ = {
			isa = PBXGroup;
			children = (
				40C4E5E6044ACE4CCC8CDB31 /* Pods-CoursesApp.debug.xcconfig */,
				86ABA19645789A4F0BB8FDC1 /* Pods-CoursesApp.release.xcconfig */,
			);
			name = Pods;
			sourceTree = "<group>";
		};
		84395EDA868BC1A7BFC6FE46 /* Frameworks */ = {
			isa = PBXGroup;
			children = (
				B3DB216BD88DC824EED28CC1 /* Pods_CoursesApp.framework */,
			);
			name = Frameworks;
			sourceTree = "<group>";
		};
		FFFAAEF22119D7BC00FE6E75 = {
			isa = PBXGroup;
			children = (
				FFFAAEFD2119D7BC00FE6E75 /* CoursesApp */,
				FFFAAEFC2119D7BC00FE6E75 /* Products */,
				03870FC9A843B3F9FFAABE1C /* Pods */,
				84395EDA868BC1A7BFC6FE46 /* Frameworks */,
			);
			sourceTree = "<group>";
		};
		FFFAAEFC2119D7BC00FE6E75 /* Products */ = {
			isa = PBXGroup;
			children = (
				FFFAAEFB2119D7BC00FE6E75 /* CoursesApp.app */,
			);
			name = Products;
			sourceTree = "<group>";
		};
		FFFAAEFD2119D7BC00FE6E75 /* CoursesApp */ = {
			isa = PBXGroup;
			children = (
				FFFAAEFE2119D7BC00FE6E75 /* AppDelegate.swift */,
				FFFAAF1D2119DE3900FE6E75 /* ViewControllers */,
				FFFAAF1A2119DD5600FE6E75 /* Models */,
				FFFAAF172119DBA400FE6E75 /* Helpers */,
				FFFAAF102119D9AF00FE6E75 /* Network */,
				FFFAAF25211B270E00FE6E75 /* Storyboard */,
				FFFAAF072119D7BD00FE6E75 /* LaunchScreen.storyboard */,
				FFFAAF052119D7BD00FE6E75 /* Assets.xcassets */,
				FFFAAF0A2119D7BD00FE6E75 /* Info.plist */,
			);
			path = CoursesApp;
			sourceTree = "<group>";
		};
		FFFAAF102119D9AF00FE6E75 /* Network */ = {
			isa = PBXGroup;
			children = (
				FFFAAF112119D9E400FE6E75 /* HTTPRequest.swift */,
				FFFAAF132119DA4F00FE6E75 /* HTTPStatusCode.swift */,
				FFFAAF152119DAAE00FE6E75 /* ServerManager.swift */,
			);
			path = Network;
			sourceTree = "<group>";
		};
		FFFAAF172119DBA400FE6E75 /* Helpers */ = {
			isa = PBXGroup;
			children = (
				FFFAAF182119DBB300FE6E75 /* Constants.swift */,
				FFFAAF1F2119E05600FE6E75 /* Extensions.swift */,
				FFFAAF43211EAA5000FE6E75 /* CourseTypeDelegate.swift */,
				FFFAAF45211EAAE900FE6E75 /* CourseInfoType.swift */,
			);
			path = Helpers;
			sourceTree = "<group>";
		};
		FFFAAF1A2119DD5600FE6E75 /* Models */ = {
			isa = PBXGroup;
			children = (
				FFFAAF1B2119DD6800FE6E75 /* Categories.swift */,
				FFFAAF212119E23900FE6E75 /* Subcategories.swift */,
				FFFAAF23211ACADC00FE6E75 /* Courses.swift */,
				FFFAAF39211C8D8000FE6E75 /* DetailedCourse.swift */,
				FFFAAF552123173200FE6E75 /* AllCoursesPaginated.swift */,
				FF1AAB79212597E60092AD90 /* News.swift */,
			);
			path = Models;
			sourceTree = "<group>";
		};
		FFFAAF1D2119DE3900FE6E75 /* ViewControllers */ = {
			isa = PBXGroup;
			children = (
				FFFAAF002119D7BC00FE6E75 /* ViewController.swift */,
				FFFAAF2C211B96EA00FE6E75 /* SubcategoriesVC.swift */,
				FFFAAF30211C55D500FE6E75 /* CoursesVC.swift */,
				FFFAAF3B211DF95300FE6E75 /* DetailedCourseVC.swift */,
				FFFAAF512123151F00FE6E75 /* HomeViewController.swift */,
				FFFAAF57212573AB00FE6E75 /* DetailedCourseHome.swift */,
				FF1AAB7B21259C820092AD90 /* NewsList.swift */,
				FF1AAB7F212709E40092AD90 /* NewsDetails.swift */,
				FF1AAB81212767870092AD90 /* LoginViewController.swift */,
				FFFAAF38211C8CEE00FE6E75 /* Cells */,
			);
			path = ViewControllers;
			sourceTree = "<group>";
		};
		FFFAAF25211B270E00FE6E75 /* Storyboard */ = {
			isa = PBXGroup;
			children = (
				FFFAAF022119D7BC00FE6E75 /* Main.storyboard */,
			);
			path = Storyboard;
			sourceTree = "<group>";
		};
		FFFAAF38211C8CEE00FE6E75 /* Cells */ = {
			isa = PBXGroup;
			children = (
				FFFAAF2A211B4B6500FE6E75 /* CategoryCellVC.swift */,
				FFFAAF2E211B9B4300FE6E75 /* SubcategoriesCell.swift */,
				FFFAAF32211C560900FE6E75 /* CoursesTableViewCell.swift */,
				FFFAAF34211C85A700FE6E75 /* CoursesUpperCell.swift */,
				FFFAAF3D211E336F00FE6E75 /* DetailedUpperCell.swift */,
				FFFAAF41211E9C8600FE6E75 /* CourseContactCell.swift */,
				FFFAAF47211EAE7800FE6E75 /* CourseAddressCell.swift */,
				FFFAAF49211EB36C00FE6E75 /* CourseInfoCell.swift */,
				FFFAAF4B211EB79E00FE6E75 /* CourseServicesCell.swift */,
				FFFAAF4D2120B30C00FE6E75 /* CourseActionsCell.swift */,
				FFFAAF53212315A100FE6E75 /* HomeCell.swift */,
				FF1AAB7D21259F5E0092AD90 /* NewsCell.swift */,
			);
			path = Cells;
			sourceTree = "<group>";
		};
/* End PBXGroup section */

/* Begin PBXNativeTarget section */
		FFFAAEFA2119D7BC00FE6E75 /* CoursesApp */ = {
			isa = PBXNativeTarget;
			buildConfigurationList = FFFAAF0D2119D7BD00FE6E75 /* Build configuration list for PBXNativeTarget "CoursesApp" */;
			buildPhases = (
				282A99C161916D41A2562135 /* [CP] Check Pods Manifest.lock */,
				FFFAAEF72119D7BC00FE6E75 /* Sources */,
				FFFAAEF82119D7BC00FE6E75 /* Frameworks */,
				FFFAAEF92119D7BC00FE6E75 /* Resources */,
				F5C85A48C139545AF4CAD8AA /* [CP] Embed Pods Frameworks */,
			);
			buildRules = (
			);
			dependencies = (
			);
			name = CoursesApp;
			productName = CoursesApp;
			productReference = FFFAAEFB2119D7BC00FE6E75 /* CoursesApp.app */;
			productType = "com.apple.product-type.application";
		};
/* End PBXNativeTarget section */

/* Begin PBXProject section */
		FFFAAEF32119D7BC00FE6E75 /* Project object */ = {
			isa = PBXProject;
			attributes = {
				LastSwiftUpdateCheck = 0940;
				LastUpgradeCheck = 0940;
				ORGANIZATIONNAME = "Ulan Nurmatov";
				TargetAttributes = {
					FFFAAEFA2119D7BC00FE6E75 = {
						CreatedOnToolsVersion = 9.4.1;
					};
				};
			};
			buildConfigurationList = FFFAAEF62119D7BC00FE6E75 /* Build configuration list for PBXProject "CoursesApp" */;
			compatibilityVersion = "Xcode 9.3";
			developmentRegion = en;
			hasScannedForEncodings = 0;
			knownRegions = (
				en,
				Base,
			);
			mainGroup = FFFAAEF22119D7BC00FE6E75;
			productRefGroup = FFFAAEFC2119D7BC00FE6E75 /* Products */;
			projectDirPath = "";
			projectRoot = "";
			targets = (
				FFFAAEFA2119D7BC00FE6E75 /* CoursesApp */,
			);
		};
/* End PBXProject section */

/* Begin PBXResourcesBuildPhase section */
		FFFAAEF92119D7BC00FE6E75 /* Resources */ = {
			isa = PBXResourcesBuildPhase;
			buildActionMask = 2147483647;
			files = (
				FFFAAF092119D7BD00FE6E75 /* LaunchScreen.storyboard in Resources */,
				FFFAAF062119D7BD00FE6E75 /* Assets.xcassets in Resources */,
				FFFAAF042119D7BC00FE6E75 /* Main.storyboard in Resources */,
			);
			runOnlyForDeploymentPostprocessing = 0;
		};
/* End PBXResourcesBuildPhase section */

/* Begin PBXShellScriptBuildPhase section */
		282A99C161916D41A2562135 /* [CP] Check Pods Manifest.lock */ = {
			isa = PBXShellScriptBuildPhase;
			buildActionMask = 2147483647;
			files = (
			);
			inputPaths = (
				"${PODS_PODFILE_DIR_PATH}/Podfile.lock",
				"${PODS_ROOT}/Manifest.lock",
			);
			name = "[CP] Check Pods Manifest.lock";
			outputPaths = (
				"$(DERIVED_FILE_DIR)/Pods-CoursesApp-checkManifestLockResult.txt",
			);
			runOnlyForDeploymentPostprocessing = 0;
			shellPath = /bin/sh;
			shellScript = "diff \"${PODS_PODFILE_DIR_PATH}/Podfile.lock\" \"${PODS_ROOT}/Manifest.lock\" > /dev/null\nif [ $? != 0 ] ; then\n    # print error to STDERR\n    echo \"error: The sandbox is not in sync with the Podfile.lock. Run 'pod install' or update your CocoaPods installation.\" >&2\n    exit 1\nfi\n# This output is used by Xcode 'outputs' to avoid re-running this script phase.\necho \"SUCCESS\" > \"${SCRIPT_OUTPUT_FILE_0}\"\n";
			showEnvVarsInLog = 0;
		};
		F5C85A48C139545AF4CAD8AA /* [CP] Embed Pods Frameworks */ = {
			isa = PBXShellScriptBuildPhase;
			buildActionMask = 2147483647;
			files = (
			);
			inputPaths = (
				"${SRCROOT}/Pods/Target Support Files/Pods-CoursesApp/Pods-CoursesApp-frameworks.sh",
				"${BUILT_PRODUCTS_DIR}/Alamofire/Alamofire.framework",
				"${BUILT_PRODUCTS_DIR}/Bolts/Bolts.framework",
				"${BUILT_PRODUCTS_DIR}/FBSDKCoreKit/FBSDKCoreKit.framework",
				"${BUILT_PRODUCTS_DIR}/FBSDKLoginKit/FBSDKLoginKit.framework",
				"${BUILT_PRODUCTS_DIR}/FBSDKShareKit/FBSDKShareKit.framework",
				"${BUILT_PRODUCTS_DIR}/FacebookCore/FacebookCore.framework",
				"${BUILT_PRODUCTS_DIR}/FacebookLogin/FacebookLogin.framework",
				"${BUILT_PRODUCTS_DIR}/FacebookShare/FacebookShare.framework",
				"${BUILT_PRODUCTS_DIR}/Hero/Hero.framework",
				"${BUILT_PRODUCTS_DIR}/Kingfisher/Kingfisher.framework",
			);
			name = "[CP] Embed Pods Frameworks";
			outputPaths = (
				"${TARGET_BUILD_DIR}/${FRAMEWORKS_FOLDER_PATH}/Alamofire.framework",
				"${TARGET_BUILD_DIR}/${FRAMEWORKS_FOLDER_PATH}/Bolts.framework",
				"${TARGET_BUILD_DIR}/${FRAMEWORKS_FOLDER_PATH}/FBSDKCoreKit.framework",
				"${TARGET_BUILD_DIR}/${FRAMEWORKS_FOLDER_PATH}/FBSDKLoginKit.framework",
				"${TARGET_BUILD_DIR}/${FRAMEWORKS_FOLDER_PATH}/FBSDKShareKit.framework",
				"${TARGET_BUILD_DIR}/${FRAMEWORKS_FOLDER_PATH}/FacebookCore.framework",
				"${TARGET_BUILD_DIR}/${FRAMEWORKS_FOLDER_PATH}/FacebookLogin.framework",
				"${TARGET_BUILD_DIR}/${FRAMEWORKS_FOLDER_PATH}/FacebookShare.framework",
				"${TARGET_BUILD_DIR}/${FRAMEWORKS_FOLDER_PATH}/Hero.framework",
				"${TARGET_BUILD_DIR}/${FRAMEWORKS_FOLDER_PATH}/Kingfisher.framework",
			);
			runOnlyForDeploymentPostprocessing = 0;
			shellPath = /bin/sh;
			shellScript = "\"${SRCROOT}/Pods/Target Support Files/Pods-CoursesApp/Pods-CoursesApp-frameworks.sh\"\n";
			showEnvVarsInLog = 0;
		};
/* End PBXShellScriptBuildPhase section */

/* Begin PBXSourcesBuildPhase section */
		FFFAAEF72119D7BC00FE6E75 /* Sources */ = {
			isa = PBXSourcesBuildPhase;
			buildActionMask = 2147483647;
			files = (
				FFFAAF24211ACADC00FE6E75 /* Courses.swift in Sources */,
				FFFAAF48211EAE7800FE6E75 /* CourseAddressCell.swift in Sources */,
				FF1AAB7C21259C820092AD90 /* NewsList.swift in Sources */,
				FFFAAF4A211EB36C00FE6E75 /* CourseInfoCell.swift in Sources */,
				FFFAAF42211E9C8600FE6E75 /* CourseContactCell.swift in Sources */,
				FFFAAF162119DAAE00FE6E75 /* ServerManager.swift in Sources */,
				FFFAAF1C2119DD6800FE6E75 /* Categories.swift in Sources */,
				FFFAAF2D211B96EA00FE6E75 /* SubcategoriesVC.swift in Sources */,
				FFFAAF122119D9E400FE6E75 /* HTTPRequest.swift in Sources */,
				FF1AAB80212709E40092AD90 /* NewsDetails.swift in Sources */,
				FFFAAF222119E23900FE6E75 /* Subcategories.swift in Sources */,
				FF1AAB7E21259F5E0092AD90 /* NewsCell.swift in Sources */,
				FFFAAF58212573AB00FE6E75 /* DetailedCourseHome.swift in Sources */,
				FF1AAB7A212597E60092AD90 /* News.swift in Sources */,
				FFFAAF3E211E336F00FE6E75 /* DetailedUpperCell.swift in Sources */,
				FFFAAF46211EAAE900FE6E75 /* CourseInfoType.swift in Sources */,
				FFFAAF44211EAA5000FE6E75 /* CourseTypeDelegate.swift in Sources */,
				FFFAAF202119E05600FE6E75 /* Extensions.swift in Sources */,
				FFFAAF3A211C8D8000FE6E75 /* DetailedCourse.swift in Sources */,
				FFFAAF562123173200FE6E75 /* AllCoursesPaginated.swift in Sources */,
				FFFAAF012119D7BC00FE6E75 /* ViewController.swift in Sources */,
				FFFAAF142119DA4F00FE6E75 /* HTTPStatusCode.swift in Sources */,
				FFFAAF3C211DF95300FE6E75 /* DetailedCourseVC.swift in Sources */,
				FFFAAEFF2119D7BC00FE6E75 /* AppDelegate.swift in Sources */,
				FFFAAF31211C55D500FE6E75 /* CoursesVC.swift in Sources */,
				FFFAAF522123152000FE6E75 /* HomeViewController.swift in Sources */,
				FFFAAF33211C560900FE6E75 /* CoursesTableViewCell.swift in Sources */,
				FFFAAF2B211B4B6500FE6E75 /* CategoryCellVC.swift in Sources */,
				FF1AAB82212767870092AD90 /* LoginViewController.swift in Sources */,
				FFFAAF4C211EB79E00FE6E75 /* CourseServicesCell.swift in Sources */,
				FFFAAF4E2120B30C00FE6E75 /* CourseActionsCell.swift in Sources */,
				FFFAAF54212315A100FE6E75 /* HomeCell.swift in Sources */,
				FFFAAF2F211B9B4300FE6E75 /* SubcategoriesCell.swift in Sources */,
				FFFAAF192119DBB300FE6E75 /* Constants.swift in Sources */,
				FFFAAF35211C85A700FE6E75 /* CoursesUpperCell.swift in Sources */,
			);
			runOnlyForDeploymentPostprocessing = 0;
		};
/* End PBXSourcesBuildPhase section */

/* Begin PBXVariantGroup section */
		FFFAAF022119D7BC00FE6E75 /* Main.storyboard */ = {
			isa = PBXVariantGroup;
			children = (
				FFFAAF032119D7BC00FE6E75 /* Base */,
			);
			name = Main.storyboard;
			sourceTree = "<group>";
		};
		FFFAAF072119D7BD00FE6E75 /* LaunchScreen.storyboard */ = {
			isa = PBXVariantGroup;
			children = (
				FFFAAF082119D7BD00FE6E75 /* Base */,
			);
			name = LaunchScreen.storyboard;
			sourceTree = "<group>";
		};
/* End PBXVariantGroup section */

/* Begin XCBuildConfiguration section */
		FFFAAF0B2119D7BD00FE6E75 /* Debug */ = {
			isa = XCBuildConfiguration;
			buildSettings = {
				ALWAYS_SEARCH_USER_PATHS = NO;
				CLANG_ANALYZER_NONNULL = YES;
				CLANG_ANALYZER_NUMBER_OBJECT_CONVERSION = YES_AGGRESSIVE;
				CLANG_CXX_LANGUAGE_STANDARD = "gnu++14";
				CLANG_CXX_LIBRARY = "libc++";
				CLANG_ENABLE_MODULES = YES;
				CLANG_ENABLE_OBJC_ARC = YES;
				CLANG_ENABLE_OBJC_WEAK = YES;
				CLANG_WARN_BLOCK_CAPTURE_AUTORELEASING = YES;
				CLANG_WARN_BOOL_CONVERSION = YES;
				CLANG_WARN_COMMA = YES;
				CLANG_WARN_CONSTANT_CONVERSION = YES;
				CLANG_WARN_DEPRECATED_OBJC_IMPLEMENTATIONS = YES;
				CLANG_WARN_DIRECT_OBJC_ISA_USAGE = YES_ERROR;
				CLANG_WARN_DOCUMENTATION_COMMENTS = YES;
				CLANG_WARN_EMPTY_BODY = YES;
				CLANG_WARN_ENUM_CONVERSION = YES;
				CLANG_WARN_INFINITE_RECURSION = YES;
				CLANG_WARN_INT_CONVERSION = YES;
				CLANG_WARN_NON_LITERAL_NULL_CONVERSION = YES;
				CLANG_WARN_OBJC_IMPLICIT_RETAIN_SELF = YES;
				CLANG_WARN_OBJC_LITERAL_CONVERSION = YES;
				CLANG_WARN_OBJC_ROOT_CLASS = YES_ERROR;
				CLANG_WARN_RANGE_LOOP_ANALYSIS = YES;
				CLANG_WARN_STRICT_PROTOTYPES = YES;
				CLANG_WARN_SUSPICIOUS_MOVE = YES;
				CLANG_WARN_UNGUARDED_AVAILABILITY = YES_AGGRESSIVE;
				CLANG_WARN_UNREACHABLE_CODE = YES;
				CLANG_WARN__DUPLICATE_METHOD_MATCH = YES;
				CODE_SIGN_IDENTITY = "iPhone Developer";
				COPY_PHASE_STRIP = NO;
				DEBUG_INFORMATION_FORMAT = dwarf;
				ENABLE_STRICT_OBJC_MSGSEND = YES;
				ENABLE_TESTABILITY = YES;
				GCC_C_LANGUAGE_STANDARD = gnu11;
				GCC_DYNAMIC_NO_PIC = NO;
				GCC_NO_COMMON_BLOCKS = YES;
				GCC_OPTIMIZATION_LEVEL = 0;
				GCC_PREPROCESSOR_DEFINITIONS = (
					"DEBUG=1",
					"$(inherited)",
				);
				GCC_WARN_64_TO_32_BIT_CONVERSION = YES;
				GCC_WARN_ABOUT_RETURN_TYPE = YES_ERROR;
				GCC_WARN_UNDECLARED_SELECTOR = YES;
				GCC_WARN_UNINITIALIZED_AUTOS = YES_AGGRESSIVE;
				GCC_WARN_UNUSED_FUNCTION = YES;
				GCC_WARN_UNUSED_VARIABLE = YES;
				IPHONEOS_DEPLOYMENT_TARGET = 11.4;
				MTL_ENABLE_DEBUG_INFO = YES;
				ONLY_ACTIVE_ARCH = YES;
				SDKROOT = iphoneos;
				SWIFT_ACTIVE_COMPILATION_CONDITIONS = DEBUG;
				SWIFT_OPTIMIZATION_LEVEL = "-Onone";
			};
			name = Debug;
		};
		FFFAAF0C2119D7BD00FE6E75 /* Release */ = {
			isa = XCBuildConfiguration;
			buildSettings = {
				ALWAYS_SEARCH_USER_PATHS = NO;
				CLANG_ANALYZER_NONNULL = YES;
				CLANG_ANALYZER_NUMBER_OBJECT_CONVERSION = YES_AGGRESSIVE;
				CLANG_CXX_LANGUAGE_STANDARD = "gnu++14";
				CLANG_CXX_LIBRARY = "libc++";
				CLANG_ENABLE_MODULES = YES;
				CLANG_ENABLE_OBJC_ARC = YES;
				CLANG_ENABLE_OBJC_WEAK = YES;
				CLANG_WARN_BLOCK_CAPTURE_AUTORELEASING = YES;
				CLANG_WARN_BOOL_CONVERSION = YES;
				CLANG_WARN_COMMA = YES;
				CLANG_WARN_CONSTANT_CONVERSION = YES;
				CLANG_WARN_DEPRECATED_OBJC_IMPLEMENTATIONS = YES;
				CLANG_WARN_DIRECT_OBJC_ISA_USAGE = YES_ERROR;
				CLANG_WARN_DOCUMENTATION_COMMENTS = YES;
				CLANG_WARN_EMPTY_BODY = YES;
				CLANG_WARN_ENUM_CONVERSION = YES;
				CLANG_WARN_INFINITE_RECURSION = YES;
				CLANG_WARN_INT_CONVERSION = YES;
				CLANG_WARN_NON_LITERAL_NULL_CONVERSION = YES;
				CLANG_WARN_OBJC_IMPLICIT_RETAIN_SELF = YES;
				CLANG_WARN_OBJC_LITERAL_CONVERSION = YES;
				CLANG_WARN_OBJC_ROOT_CLASS = YES_ERROR;
				CLANG_WARN_RANGE_LOOP_ANALYSIS = YES;
				CLANG_WARN_STRICT_PROTOTYPES = YES;
				CLANG_WARN_SUSPICIOUS_MOVE = YES;
				CLANG_WARN_UNGUARDED_AVAILABILITY = YES_AGGRESSIVE;
				CLANG_WARN_UNREACHABLE_CODE = YES;
				CLANG_WARN__DUPLICATE_METHOD_MATCH = YES;
				CODE_SIGN_IDENTITY = "iPhone Developer";
				COPY_PHASE_STRIP = NO;
				DEBUG_INFORMATION_FORMAT = "dwarf-with-dsym";
				ENABLE_NS_ASSERTIONS = NO;
				ENABLE_STRICT_OBJC_MSGSEND = YES;
				GCC_C_LANGUAGE_STANDARD = gnu11;
				GCC_NO_COMMON_BLOCKS = YES;
				GCC_WARN_64_TO_32_BIT_CONVERSION = YES;
				GCC_WARN_ABOUT_RETURN_TYPE = YES_ERROR;
				GCC_WARN_UNDECLARED_SELECTOR = YES;
				GCC_WARN_UNINITIALIZED_AUTOS = YES_AGGRESSIVE;
				GCC_WARN_UNUSED_FUNCTION = YES;
				GCC_WARN_UNUSED_VARIABLE = YES;
				IPHONEOS_DEPLOYMENT_TARGET = 11.4;
				MTL_ENABLE_DEBUG_INFO = NO;
				SDKROOT = iphoneos;
				SWIFT_COMPILATION_MODE = wholemodule;
				SWIFT_OPTIMIZATION_LEVEL = "-O";
				VALIDATE_PRODUCT = YES;
			};
			name = Release;
		};
		FFFAAF0E2119D7BD00FE6E75 /* Debug */ = {
			isa = XCBuildConfiguration;
			baseConfigurationReference = 40C4E5E6044ACE4CCC8CDB31 /* Pods-CoursesApp.debug.xcconfig */;
			buildSettings = {
				ASSETCATALOG_COMPILER_APPICON_NAME = AppIcon;
				CODE_SIGN_STYLE = Automatic;
				DEVELOPMENT_TEAM = 38CYVY5AC9;
				INFOPLIST_FILE = CoursesApp/Info.plist;
				LD_RUNPATH_SEARCH_PATHS = (
					"$(inherited)",
					"@executable_path/Frameworks",
				);
				PRODUCT_BUNDLE_IDENTIFIER = Ulan.CoursesApp;
				PRODUCT_NAME = "$(TARGET_NAME)";
				SWIFT_VERSION = 4.0;
				TARGETED_DEVICE_FAMILY = "1,2";
			};
			name = Debug;
		};
		FFFAAF0F2119D7BD00FE6E75 /* Release */ = {
			isa = XCBuildConfiguration;
			baseConfigurationReference = 86ABA19645789A4F0BB8FDC1 /* Pods-CoursesApp.release.xcconfig */;
			buildSettings = {
				ASSETCATALOG_COMPILER_APPICON_NAME = AppIcon;
				CODE_SIGN_STYLE = Automatic;
				DEVELOPMENT_TEAM = 38CYVY5AC9;
				INFOPLIST_FILE = CoursesApp/Info.plist;
				LD_RUNPATH_SEARCH_PATHS = (
					"$(inherited)",
					"@executable_path/Frameworks",
				);
				PRODUCT_BUNDLE_IDENTIFIER = Ulan.CoursesApp;
				PRODUCT_NAME = "$(TARGET_NAME)";
				SWIFT_VERSION = 4.0;
				TARGETED_DEVICE_FAMILY = "1,2";
			};
			name = Release;
		};
/* End XCBuildConfiguration section */

/* Begin XCConfigurationList section */
		FFFAAEF62119D7BC00FE6E75 /* Build configuration list for PBXProject "CoursesApp" */ = {
			isa = XCConfigurationList;
			buildConfigurations = (
				FFFAAF0B2119D7BD00FE6E75 /* Debug */,
				FFFAAF0C2119D7BD00FE6E75 /* Release */,
			);
			defaultConfigurationIsVisible = 0;
			defaultConfigurationName = Release;
		};
		FFFAAF0D2119D7BD00FE6E75 /* Build configuration list for PBXNativeTarget "CoursesApp" */ = {
			isa = XCConfigurationList;
			buildConfigurations = (
				FFFAAF0E2119D7BD00FE6E75 /* Debug */,
				FFFAAF0F2119D7BD00FE6E75 /* Release */,
			);
			defaultConfigurationIsVisible = 0;
			defaultConfigurationName = Release;
		};
/* End XCConfigurationList section */
	};
	rootObject = FFFAAEF32119D7BC00FE6E75 /* Project object */;
}
